Microsoft Visual Studio Solution File, Format Version 12.00
# Visual Studio Version 17
VisualStudioVersion = 17.5.2.0
MinimumVisualStudioVersion = 10.0.40219.1
Project("{FAE04EC0-301F-11D3-BF4B-00C04F79EFBC}") = "csharpapigenerica", "csharpapigenerica\csharpapigenerica.csproj", "{FC0B7B7D-8908-2001-7F1A-DAAAE1CBD715}"
EndProject
Global
	GlobalSection(SolutionConfigurationPlatforms) = preSolution
		Debug|Any CPU = Debug|Any CPU
		Release|Any CPU = Release|Any CPU
	EndGlobalSection
	GlobalSection(ProjectConfigurationPlatforms) = postSolution
		{FC0B7B7D-8908-2001-7F1A-DAAAE1CBD715}.Debug|Any CPU.ActiveCfg = Debug|Any CPU
		{FC0B7B7D-8908-2001-7F1A-DAAAE1CBD715}.Debug|Any CPU.Build.0 = Debug|Any CPU
		{FC0B7B7D-8908-2001-7F1A-DAAAE1CBD715}.Release|Any CPU.ActiveCfg = Release|Any CPU
		{FC0B7B7D-8908-2001-7F1A-DAAAE1CBD715}.Release|Any CPU.Build.0 = Release|Any CPU
	EndGlobalSection
	GlobalSection(SolutionProperties) = preSolution
		HideSolutionNode = FALSE
	EndGlobalSection
	GlobalSection(ExtensibilityGlobals) = postSolution
		SolutionGuid = {A99CD1AC-58C3-4DBD-AF0D-F59417B31DE8}
	EndGlobalSection
EndGlobal
